
Microsoft Visual Studio Solution File, Format Version 12.00
# Visual Studio Version 16
VisualStudioVersion = 16.0.30907.101
MinimumVisualStudioVersion = 10.0.40219.1
Project("{FAE04EC0-301F-11D3-BF4B-00C04F79EFBC}") = "laba8_apl", "laba8_apl\laba8_apl.csproj", "{070127D6-D832-45BB-8618-2425E750FAD0}"
EndProject
Global
	GlobalSection(SolutionConfigurationPlatforms) = preSolution
		Debug|Any CPU = Debug|Any CPU
		Release|Any CPU = Release|Any CPU
	EndGlobalSection
	GlobalSection(ProjectConfigurationPlatforms) = postSolution
		{070127D6-D832-45BB-8618-2425E750FAD0}.Debug|Any CPU.ActiveCfg = Debug|Any CPU
		{070127D6-D832-45BB-8618-2425E750FAD0}.Debug|Any CPU.Build.0 = Debug|Any CPU
		{070127D6-D832-45BB-8618-2425E750FAD0}.Release|Any CPU.ActiveCfg = Release|Any CPU
		{070127D6-D832-45BB-8618-2425E750FAD0}.Release|Any CPU.Build.0 = Release|Any CPU
	EndGlobalSection
	GlobalSection(SolutionProperties) = preSolution
		HideSolutionNode = FALSE
	EndGlobalSection
	GlobalSection(ExtensibilityGlobals) = postSolution
		SolutionGuid = {14A01C8C-5087-462E-A06F-6C6E119DD555}
	EndGlobalSection
EndGlobal
